version = 1
revision = 2
requires-python = ">=3.13"

[[package]]
name = "context-builder"
version = "0.1.0"
source = { virtual = "." }
dependencies = [
    { name = "temporalio" },
]

[package.metadata]
requires-dist = [{ name = "temporalio", specifier = ">=1.15.0" }]

[[package]]
name = "nexus-rpc"
version = "1.1.0"
source = { registry = "https://pypi.org/simple" }
dependencies = [
    { name = "typing-extensions" },
]
sdist = { url = "https://files.pythonhosted.org/packages/ef/66/540687556bd28cf1ec370cc6881456203dfddb9dab047b8979c6865b5984/nexus_rpc-1.1.0.tar.gz", hash = "sha256:d65ad6a2f54f14e53ebe39ee30555eaeb894102437125733fb13034a04a44553", size = 77383, upload-time = "2025-07-07T19:03:58.368Z" }
wheels = [
    { url = "https://files.pythonhosted.org/packages/bf/2f/9e9d0dcaa4c6ffa22b7aa31069a8a264c753ff8027b36af602cce038c92f/nexus_rpc-1.1.0-py3-none-any.whl", hash = "sha256:d1b007af2aba186a27e736f8eaae39c03aed05b488084ff6c3d1785c9ba2ad38", size = 27743, upload-time = "2025-07-07T19:03:57.556Z" },
]

[[package]]
name = "protobuf"
version = "5.29.5"
source = { registry = "https://pypi.org/simple" }
sdist = { url = "https://files.pythonhosted.org/packages/43/29/d09e70352e4e88c9c7a198d5645d7277811448d76c23b00345670f7c8a38/protobuf-5.29.5.tar.gz", hash = "sha256:bc1463bafd4b0929216c35f437a8e28731a2b7fe3d98bb77a600efced5a15c84", size = 425226, upload-time = "2025-05-28T23:51:59.82Z" }
wheels = [
    { url = "https://files.pythonhosted.org/packages/5f/11/6e40e9fc5bba02988a214c07cf324595789ca7820160bfd1f8be96e48539/protobuf-5.29.5-cp310-abi3-win32.whl", hash = "sha256:3f1c6468a2cfd102ff4703976138844f78ebd1fb45f49011afc5139e9e283079", size = 422963, upload-time = "2025-05-28T23:51:41.204Z" },
    { url = "https://files.pythonhosted.org/packages/81/7f/73cefb093e1a2a7c3ffd839e6f9fcafb7a427d300c7f8aef9c64405d8ac6/protobuf-5.29.5-cp310-abi3-win_amd64.whl", hash = "sha256:3f76e3a3675b4a4d867b52e4a5f5b78a2ef9565549d4037e06cf7b0942b1d3fc", size = 434818, upload-time = "2025-05-28T23:51:44.297Z" },
    { url = "https://files.pythonhosted.org/packages/dd/73/10e1661c21f139f2c6ad9b23040ff36fee624310dc28fba20d33fdae124c/protobuf-5.29.5-cp38-abi3-macosx_10_9_universal2.whl", hash = "sha256:e38c5add5a311f2a6eb0340716ef9b039c1dfa428b28f25a7838ac329204a671", size = 418091, upload-time = "2025-05-28T23:51:45.907Z" },
    { url = "https://files.pythonhosted.org/packages/6c/04/98f6f8cf5b07ab1294c13f34b4e69b3722bb609c5b701d6c169828f9f8aa/protobuf-5.29.5-cp38-abi3-manylinux2014_aarch64.whl", hash = "sha256:fa18533a299d7ab6c55a238bf8629311439995f2e7eca5caaff08663606e9015", size = 319824, upload-time = "2025-05-28T23:51:47.545Z" },
    { url = "https://files.pythonhosted.org/packages/85/e4/07c80521879c2d15f321465ac24c70efe2381378c00bf5e56a0f4fbac8cd/protobuf-5.29.5-cp38-abi3-manylinux2014_x86_64.whl", hash = "sha256:63848923da3325e1bf7e9003d680ce6e14b07e55d0473253a690c3a8b8fd6e61", size = 319942, upload-time = "2025-05-28T23:51:49.11Z" },
    { url = "https://files.pythonhosted.org/packages/7e/cc/7e77861000a0691aeea8f4566e5d3aa716f2b1dece4a24439437e41d3d25/protobuf-5.29.5-py3-none-any.whl", hash = "sha256:6cf42630262c59b2d8de33954443d94b746c952b01434fc58a417fdbd2e84bd5", size = 172823, upload-time = "2025-05-28T23:51:58.157Z" },
]

[[package]]
name = "temporalio"
version = "1.15.0"
source = { registry = "https://pypi.org/simple" }
dependencies = [
    { name = "nexus-rpc" },
    { name = "protobuf" },
    { name = "types-protobuf" },
    { name = "typing-extensions" },
]
sdist = { url = "https://files.pythonhosted.org/packages/0b/af/1a3619fc62333d0acbdf90cfc5ada97e68e8c0f79610363b2dbb30871d83/temporalio-1.15.0.tar.gz", hash = "sha256:a4bc6ca01717880112caab75d041713aacc8263dc66e41f5019caef68b344fa0", size = 1684485, upload-time = "2025-07-29T03:44:09.071Z" }
wheels = [
    { url = "https://files.pythonhosted.org/packages/0e/2d/0153f2bc459e0cb59d41d4dd71da46bf9a98ca98bc37237576c258d6696b/temporalio-1.15.0-cp39-abi3-macosx_10_12_x86_64.whl", hash = "sha256:74bc5cc0e6bdc161a43015538b0821b8713f5faa716c4209971c274b528e0d47", size = 12703607, upload-time = "2025-07-29T03:43:30.083Z" },
    { url = "https://files.pythonhosted.org/packages/e4/39/1b867ec698c8987aef3b7a7024b5c0c732841112fa88d021303d0fc69bea/temporalio-1.15.0-cp39-abi3-macosx_11_0_arm64.whl", hash = "sha256:ee8001304dae5723d79797516cfeebe04b966fdbdf348e658fce3b43afdda3cd", size = 12232853, upload-time = "2025-07-29T03:43:38.909Z" },
    { url = "https://files.pythonhosted.org/packages/5e/3e/647d9a7c8b2f638f639717404c0bcbdd7d54fddd7844fdb802e3f40dc55f/temporalio-1.15.0-cp39-abi3-manylinux_2_17_aarch64.manylinux2014_aarch64.whl", hash = "sha256:8febd1ac36720817e69c2176aa4aca14a97fe0b83f0d2449c0c730b8f0174d02", size = 12636700, upload-time = "2025-07-29T03:43:49.066Z" },
    { url = "https://files.pythonhosted.org/packages/9a/13/7aa9ec694fec9fba39efdbf61d892bccf7d2b1aa3d9bd359544534c1d309/temporalio-1.15.0-cp39-abi3-manylinux_2_17_x86_64.manylinux2014_x86_64.whl", hash = "sha256:202d81a42cafaed9ccc7ccbea0898838e3b8bf92fee65394f8790f37eafbaa63", size = 12860186, upload-time = "2025-07-29T03:43:57.644Z" },
    { url = "https://files.pythonhosted.org/packages/9f/2b/ba962401324892236148046dbffd805d4443d6df7a7dc33cc7964b566bf9/temporalio-1.15.0-cp39-abi3-win_amd64.whl", hash = "sha256:aae5b18d7c9960238af0f3ebf6b7e5959e05f452106fc0d21a8278d78724f780", size = 12932800, upload-time = "2025-07-29T03:44:06.271Z" },
]

[[package]]
name = "types-protobuf"
version = "6.30.2.20250809"
source = { registry = "https://pypi.org/simple" }
sdist = { url = "https://files.pythonhosted.org/packages/d5/9e/8777c578b5b66f6ef99ce9dac4865b51016a52b1d681942fbf75ac35d60f/types_protobuf-6.30.2.20250809.tar.gz", hash = "sha256:b04f2998edf0d81bd8600bbd5db0b2adf547837eef6362ba364925cee21a33b4", size = 62204, upload-time = "2025-08-09T03:14:07.547Z" }
wheels = [
    { url = "https://files.pythonhosted.org/packages/2c/9a/43daca708592570539888d80d6b708dff0b1795218aaf6b13057cc2e2c18/types_protobuf-6.30.2.20250809-py3-none-any.whl", hash = "sha256:7afc2d3f569d281dd22f339179577243be60bf7d1dfb4bc13d0109859fb1f1be", size = 76389, upload-time = "2025-08-09T03:14:06.531Z" },
]

[[package]]
name = "typing-extensions"
version = "4.14.1"
source = { registry = "https://pypi.org/simple" }
sdist = { url = "https://files.pythonhosted.org/packages/98/5a/da40306b885cc8c09109dc2e1abd358d5684b1425678151cdaed4731c822/typing_extensions-4.14.1.tar.gz", hash = "sha256:38b39f4aeeab64884ce9f74c94263ef78f3c22467c8724005483154c26648d36", size = 107673, upload-time = "2025-07-04T13:28:34.16Z" }
wheels = [
    { url = "https://files.pythonhosted.org/packages/b5/00/d631e67a838026495268c2f6884f3711a15a9a2a96cd244fdaea53b823fb/typing_extensions-4.14.1-py3-none-any.whl", hash = "sha256:d1e1e3b58374dc93031d6eda2420a48ea44a36c2b4766a4fdeb3710755731d76", size = 43906, upload-time = "2025-07-04T13:28:32.743Z" },
]
